
Microsoft Visual Studio Solution File, Format Version 12.00
# Visual Studio Version 16
VisualStudioVersion = 16.0.32929.386
MinimumVisualStudioVersion = 10.0.40219.1
Project("{2150E333-8FDC-42A3-9474-1A3956D46DE8}") = "src", "src", "{C24092DF-B3A7-4AAD-B152-545B939E80E1}"
EndProject
Project("{9A19103F-16F7-4668-BE54-9A1E7A4F7556}") = "ApplicationCore", "src\ApplicationCore\ApplicationCore.csproj", "{C83F8602-9529-4F7F-9AE9-0A2AE05B0401}"
EndProject
Project("{2150E333-8FDC-42A3-9474-1A3956D46DE8}") = "tests", "tests", "{4DEF1E51-5F5F-4753-9FD4-33F2CA888DE5}"
EndProject
Project("{9A19103F-16F7-4668-BE54-9A1E7A4F7556}") = "UnitTests", "tests\UnitTests\UnitTests.csproj", "{473A0389-80F2-4D5A-85D9-179BA5F8DC3E}"
EndProject
Project("{9A19103F-16F7-4668-BE54-9A1E7A4F7556}") = "WebApplication", "src\UI\WebApplication\WebApplication.csproj", "{3F9B07C7-1475-4438-83E9-F852A1F59765}"
	ProjectSection(ProjectDependencies) = postProject
		{C83F8602-9529-4F7F-9AE9-0A2AE05B0401} = {C83F8602-9529-4F7F-9AE9-0A2AE05B0401}
	EndProjectSection
EndProject
Project("{9A19103F-16F7-4668-BE54-9A1E7A4F7556}") = "Infrastructure", "src\Infrastructure\Infrastructure.csproj", "{2C0AB5DB-A2E1-4620-98F9-02008BE4713C}"
EndProject
Project("{2150E333-8FDC-42A3-9474-1A3956D46DE8}") = "Solution Items", "Solution Items", "{557089DC-38C1-449B-A189-3C34650A7CC8}"
	ProjectSection(SolutionItems) = preProject
		README.md = README.md
	EndProjectSection
EndProject
Project("{2150E333-8FDC-42A3-9474-1A3956D46DE8}") = "UI", "UI", "{4AAE6D09-852A-44F7-8A47-DDC75A742639}"
EndProject
Global
	GlobalSection(SolutionConfigurationPlatforms) = preSolution
		Debug|Any CPU = Debug|Any CPU
		Release|Any CPU = Release|Any CPU
	EndGlobalSection
	GlobalSection(ProjectConfigurationPlatforms) = postSolution
		{C83F8602-9529-4F7F-9AE9-0A2AE05B0401}.Debug|Any CPU.ActiveCfg = Debug|Any CPU
		{C83F8602-9529-4F7F-9AE9-0A2AE05B0401}.Debug|Any CPU.Build.0 = Debug|Any CPU
		{C83F8602-9529-4F7F-9AE9-0A2AE05B0401}.Release|Any CPU.ActiveCfg = Release|Any CPU
		{C83F8602-9529-4F7F-9AE9-0A2AE05B0401}.Release|Any CPU.Build.0 = Release|Any CPU
		{473A0389-80F2-4D5A-85D9-179BA5F8DC3E}.Debug|Any CPU.ActiveCfg = Debug|Any CPU
		{473A0389-80F2-4D5A-85D9-179BA5F8DC3E}.Debug|Any CPU.Build.0 = Debug|Any CPU
		{473A0389-80F2-4D5A-85D9-179BA5F8DC3E}.Release|Any CPU.ActiveCfg = Release|Any CPU
		{473A0389-80F2-4D5A-85D9-179BA5F8DC3E}.Release|Any CPU.Build.0 = Release|Any CPU
		{3F9B07C7-1475-4438-83E9-F852A1F59765}.Debug|Any CPU.ActiveCfg = Debug|Any CPU
		{3F9B07C7-1475-4438-83E9-F852A1F59765}.Debug|Any CPU.Build.0 = Debug|Any CPU
		{3F9B07C7-1475-4438-83E9-F852A1F59765}.Release|Any CPU.ActiveCfg = Release|Any CPU
		{3F9B07C7-1475-4438-83E9-F852A1F59765}.Release|Any CPU.Build.0 = Release|Any CPU
		{2C0AB5DB-A2E1-4620-98F9-02008BE4713C}.Debug|Any CPU.ActiveCfg = Debug|Any CPU
		{2C0AB5DB-A2E1-4620-98F9-02008BE4713C}.Debug|Any CPU.Build.0 = Debug|Any CPU
		{2C0AB5DB-A2E1-4620-98F9-02008BE4713C}.Release|Any CPU.ActiveCfg = Release|Any CPU
		{2C0AB5DB-A2E1-4620-98F9-02008BE4713C}.Release|Any CPU.Build.0 = Release|Any CPU
	EndGlobalSection
	GlobalSection(SolutionProperties) = preSolution
		HideSolutionNode = FALSE
	EndGlobalSection
	GlobalSection(NestedProjects) = preSolution
		{C83F8602-9529-4F7F-9AE9-0A2AE05B0401} = {C24092DF-B3A7-4AAD-B152-545B939E80E1}
		{473A0389-80F2-4D5A-85D9-179BA5F8DC3E} = {4DEF1E51-5F5F-4753-9FD4-33F2CA888DE5}
		{3F9B07C7-1475-4438-83E9-F852A1F59765} = {4AAE6D09-852A-44F7-8A47-DDC75A742639}
		{2C0AB5DB-A2E1-4620-98F9-02008BE4713C} = {C24092DF-B3A7-4AAD-B152-545B939E80E1}
		{4AAE6D09-852A-44F7-8A47-DDC75A742639} = {C24092DF-B3A7-4AAD-B152-545B939E80E1}
	EndGlobalSection
	GlobalSection(ExtensibilityGlobals) = postSolution
		SolutionGuid = {C9DCED69-76EE-4F9E-8D0E-1534A4090268}
	EndGlobalSection
EndGlobal
